{
  "version": 4,
  "terraform_version": "1.5.7",
  "serial": 15,
  "lineage": "67af37f8-dc32-963f-36b0-07348e22dd67",
  "outputs": {},
  "resources": [
    {
      "module": "module.monitoring-namespace",
      "mode": "managed",
      "type": "kubernetes_namespace",
      "name": "namespace",
      "provider": "provider[\"registry.terraform.io/hashicorp/kubernetes\"]",
      "instances": [
        {
          "schema_version": 0,
          "attributes": {
            "id": "monitoring",
            "metadata": [
              {
                "annotations": null,
                "generate_name": "",
                "generation": 0,
                "labels": null,
                "name": "monitoring",
                "resource_version": "579",
                "uid": "bc3860d2-5f86-475c-94b2-56adc5e5a130"
              }
            ],
            "timeouts": null,
            "wait_for_default_service_account": false
          },
          "sensitive_attributes": [],
          "private": "eyJlMmJmYjczMC1lY2FhLTExZTYtOGY4OC0zNDM2M2JjN2M0YzAiOnsiZGVsZXRlIjozMDAwMDAwMDAwMDB9fQ=="
        }
      ]
    },
    {
      "module": "module.prometheus_operator",
      "mode": "managed",
      "type": "helm_release",
      "name": "kube_prometheus_stack",
      "provider": "provider[\"registry.terraform.io/hashicorp/helm\"]",
      "instances": [
        {
          "schema_version": 1,
          "attributes": {
            "atomic": false,
            "chart": "kube-prometheus-stack",
            "cleanup_on_fail": false,
            "create_namespace": false,
            "dependency_update": false,
            "description": null,
            "devel": null,
            "disable_crd_hooks": false,
            "disable_openapi_validation": false,
            "disable_webhooks": false,
            "force_update": false,
            "id": "kube-prometheus-stack",
            "keyring": null,
            "lint": false,
            "manifest": null,
            "max_history": 10,
            "metadata": [
              {
                "app_version": "v0.68.0",
                "chart": "kube-prometheus-stack",
                "name": "kube-prometheus-stack",
                "namespace": "monitoring",
                "revision": 1,
                "values": "{\"additionalPrometheusRulesMap\":{\"rule-name\":{\"groups\":[{\"name\":\"my_group\",\"rules\":[{\"alert\":\"NewPodAdded\",\"annotations\":{\"description\":\"New pod added\",\"summary\":\"New pod added\"},\"expr\":\"count (kube_pod_created) - count (kube_pod_created offset 1m) \\u003e 0\",\"for\":\"0s\",\"labels\":{\"severity\":\"critical\"}}]}]}}}",
                "version": "51.9.1"
              }
            ],
            "name": "kube-prometheus-stack",
            "namespace": "monitoring",
            "pass_credentials": false,
            "postrender": [],
            "recreate_pods": false,
            "render_subchart_notes": true,
            "replace": false,
            "repository": "https://prometheus-community.github.io/helm-charts",
            "repository_ca_file": null,
            "repository_cert_file": null,
            "repository_key_file": null,
            "repository_password": null,
            "repository_username": null,
            "reset_values": false,
            "reuse_values": false,
            "set": [],
            "set_sensitive": [],
            "skip_crds": false,
            "status": "deployed",
            "timeout": 300,
            "values": [
              "additionalPrometheusRulesMap: \n  rule-name:\n    groups:\n    - name: my_group\n      rules:\n      - alert: NewPodAdded\n        expr: count (kube_pod_created) - count (kube_pod_created offset 1m) \u003e 0\n        for: 0s\n        labels:\n          severity: critical\n        annotations:\n          summary: \"New pod added\"\n          description: \"New pod added\""
            ],
            "verify": false,
            "version": "51.9.1",
            "wait": true,
            "wait_for_jobs": true
          },
          "sensitive_attributes": [],
          "private": "eyJzY2hlbWFfdmVyc2lvbiI6IjEifQ==",
          "dependencies": [
            "module.monitoring-namespace.kubernetes_namespace.namespace"
          ]
        }
      ]
    }
  ],
  "check_results": null
}
